github.com/go-chi/chi/v5 v5.2.0 h1:Aj1EtB0qR2Rdo2dG4O94RIU35w2lvQSj6BRA4+qwFL0=
github.com/go-chi/chi/v5 v5.2.0/go.mod h1:DslCQbL2OYiznFReuXYUmQ2hGd1aDpCnlMNITLSKoi8=
github.com/yuin/goldmark v1.7.8 h1:iERMLn0/QJeHFhxSt3p6PeN9mGnvIKSpG9YYorDMnic=
github.com/yuin/goldmark v1.7.8/go.mod h1:uzxRWxtg69N339t3louHJ7+O03ezfj6PlliRlaOzY1E=
